
Microsoft Visual Studio Solution File, Format Version 12.00
# Visual Studio 15
VisualStudioVersion = 15.0.28307.539
MinimumVisualStudioVersion = 10.0.40219.1
Project("{FAE04EC0-301F-11D3-BF4B-00C04F79EFBC}") = "XOR Enc", "XOR Enc\XOR Enc.csproj", "{6475A361-E814-4E63-908C-9FA16363A13B}"
EndProject
Project("{FAE04EC0-301F-11D3-BF4B-00C04F79EFBC}") = "container", "container\container.csproj", "{470F76B6-EA81-44DB-AA02-A0D864F9F68A}"
EndProject
Project("{FAE04EC0-301F-11D3-BF4B-00C04F79EFBC}") = "Software", "Software\Software.csproj", "{CBFC0B9D-D8B6-4546-85FE-795E065FB22A}"
EndProject
Project("{FAE04EC0-301F-11D3-BF4B-00C04F79EFBC}") = "System.Ftp", "System.Ftp\System.Ftp.csproj", "{9EC7BA5E-C614-4902-A116-D87AD267A0E8}"
EndProject
Project("{FAE04EC0-301F-11D3-BF4B-00C04F79EFBC}") = "testbuilds", "testbuilds\testbuilds.csproj", "{29E23302-26C2-42B4-8FA7-E4249E950D6B}"
EndProject
Project("{FAE04EC0-301F-11D3-BF4B-00C04F79EFBC}") = "System.Ai", "System.Ai\System.Ai.csproj", "{DEF2E53C-3BC3-4D1A-A90D-61DD1FE934E1}"
EndProject
Project("{FAE04EC0-301F-11D3-BF4B-00C04F79EFBC}") = "System.Utils", "System.Utils\System.Utils.csproj", "{CC865EAB-49D9-49E5-B439-1D48169353FE}"
EndProject
Project("{FAE04EC0-301F-11D3-BF4B-00C04F79EFBC}") = "tests", "tests\tests.csproj", "{F1C8EC1C-4ACA-49A3-B85D-1F4EC0DD2F5C}"
EndProject
Project("{FAE04EC0-301F-11D3-BF4B-00C04F79EFBC}") = "System.ImageScan", "System.ImageScan\System.ImageScan.csproj", "{7BF544E9-672C-4154-BDE4-62E3A085B5DE}"
EndProject
Project("{FAE04EC0-301F-11D3-BF4B-00C04F79EFBC}") = "System.Tasks", "System.Tasks\System.Tasks.csproj", "{92BC7DD8-2520-4366-A45D-EEA2AAC80108}"
EndProject
Project("{FAE04EC0-301F-11D3-BF4B-00C04F79EFBC}") = "Eternal Framework", "Eternal Framework\Eternal Framework.csproj", "{8C39C554-4976-4469-A273-5124DF799361}"
EndProject
Project("{2150E333-8FDC-42A3-9474-1A3956D46DE8}") = "System", "System", "{C6DDCC77-5C6F-4D44-9C90-F4EA3262F4C6}"
EndProject
Global
	GlobalSection(SolutionConfigurationPlatforms) = preSolution
		Debug|Any CPU = Debug|Any CPU
		Release|Any CPU = Release|Any CPU
	EndGlobalSection
	GlobalSection(ProjectConfigurationPlatforms) = postSolution
		{6475A361-E814-4E63-908C-9FA16363A13B}.Debug|Any CPU.ActiveCfg = Debug|Any CPU
		{6475A361-E814-4E63-908C-9FA16363A13B}.Debug|Any CPU.Build.0 = Debug|Any CPU
		{6475A361-E814-4E63-908C-9FA16363A13B}.Release|Any CPU.ActiveCfg = Release|Any CPU
		{6475A361-E814-4E63-908C-9FA16363A13B}.Release|Any CPU.Build.0 = Release|Any CPU
		{470F76B6-EA81-44DB-AA02-A0D864F9F68A}.Debug|Any CPU.ActiveCfg = Debug|Any CPU
		{470F76B6-EA81-44DB-AA02-A0D864F9F68A}.Debug|Any CPU.Build.0 = Debug|Any CPU
		{470F76B6-EA81-44DB-AA02-A0D864F9F68A}.Release|Any CPU.ActiveCfg = Release|Any CPU
		{470F76B6-EA81-44DB-AA02-A0D864F9F68A}.Release|Any CPU.Build.0 = Release|Any CPU
		{CBFC0B9D-D8B6-4546-85FE-795E065FB22A}.Debug|Any CPU.ActiveCfg = Debug|Any CPU
		{CBFC0B9D-D8B6-4546-85FE-795E065FB22A}.Debug|Any CPU.Build.0 = Debug|Any CPU
		{CBFC0B9D-D8B6-4546-85FE-795E065FB22A}.Release|Any CPU.ActiveCfg = Release|Any CPU
		{CBFC0B9D-D8B6-4546-85FE-795E065FB22A}.Release|Any CPU.Build.0 = Release|Any CPU
		{9EC7BA5E-C614-4902-A116-D87AD267A0E8}.Debug|Any CPU.ActiveCfg = Debug|Any CPU
		{9EC7BA5E-C614-4902-A116-D87AD267A0E8}.Debug|Any CPU.Build.0 = Debug|Any CPU
		{9EC7BA5E-C614-4902-A116-D87AD267A0E8}.Release|Any CPU.ActiveCfg = Release|Any CPU
		{9EC7BA5E-C614-4902-A116-D87AD267A0E8}.Release|Any CPU.Build.0 = Release|Any CPU
		{29E23302-26C2-42B4-8FA7-E4249E950D6B}.Debug|Any CPU.ActiveCfg = Debug|Any CPU
		{29E23302-26C2-42B4-8FA7-E4249E950D6B}.Debug|Any CPU.Build.0 = Debug|Any CPU
		{29E23302-26C2-42B4-8FA7-E4249E950D6B}.Release|Any CPU.ActiveCfg = Release|Any CPU
		{29E23302-26C2-42B4-8FA7-E4249E950D6B}.Release|Any CPU.Build.0 = Release|Any CPU
		{DEF2E53C-3BC3-4D1A-A90D-61DD1FE934E1}.Debug|Any CPU.ActiveCfg = Debug|Any CPU
		{DEF2E53C-3BC3-4D1A-A90D-61DD1FE934E1}.Debug|Any CPU.Build.0 = Debug|Any CPU
		{DEF2E53C-3BC3-4D1A-A90D-61DD1FE934E1}.Release|Any CPU.ActiveCfg = Release|Any CPU
		{DEF2E53C-3BC3-4D1A-A90D-61DD1FE934E1}.Release|Any CPU.Build.0 = Release|Any CPU
		{CC865EAB-49D9-49E5-B439-1D48169353FE}.Debug|Any CPU.ActiveCfg = Debug|Any CPU
		{CC865EAB-49D9-49E5-B439-1D48169353FE}.Debug|Any CPU.Build.0 = Debug|Any CPU
		{CC865EAB-49D9-49E5-B439-1D48169353FE}.Release|Any CPU.ActiveCfg = Release|Any CPU
		{CC865EAB-49D9-49E5-B439-1D48169353FE}.Release|Any CPU.Build.0 = Release|Any CPU
		{F1C8EC1C-4ACA-49A3-B85D-1F4EC0DD2F5C}.Debug|Any CPU.ActiveCfg = Debug|Any CPU
		{F1C8EC1C-4ACA-49A3-B85D-1F4EC0DD2F5C}.Debug|Any CPU.Build.0 = Debug|Any CPU
		{F1C8EC1C-4ACA-49A3-B85D-1F4EC0DD2F5C}.Release|Any CPU.ActiveCfg = Release|Any CPU
		{F1C8EC1C-4ACA-49A3-B85D-1F4EC0DD2F5C}.Release|Any CPU.Build.0 = Release|Any CPU
		{7BF544E9-672C-4154-BDE4-62E3A085B5DE}.Debug|Any CPU.ActiveCfg = Debug|Any CPU
		{7BF544E9-672C-4154-BDE4-62E3A085B5DE}.Debug|Any CPU.Build.0 = Debug|Any CPU
		{7BF544E9-672C-4154-BDE4-62E3A085B5DE}.Release|Any CPU.ActiveCfg = Release|Any CPU
		{7BF544E9-672C-4154-BDE4-62E3A085B5DE}.Release|Any CPU.Build.0 = Release|Any CPU
		{92BC7DD8-2520-4366-A45D-EEA2AAC80108}.Debug|Any CPU.ActiveCfg = Debug|Any CPU
		{92BC7DD8-2520-4366-A45D-EEA2AAC80108}.Debug|Any CPU.Build.0 = Debug|Any CPU
		{92BC7DD8-2520-4366-A45D-EEA2AAC80108}.Release|Any CPU.ActiveCfg = Release|Any CPU
		{92BC7DD8-2520-4366-A45D-EEA2AAC80108}.Release|Any CPU.Build.0 = Release|Any CPU
		{8C39C554-4976-4469-A273-5124DF799361}.Debug|Any CPU.ActiveCfg = Debug|Any CPU
		{8C39C554-4976-4469-A273-5124DF799361}.Debug|Any CPU.Build.0 = Debug|Any CPU
		{8C39C554-4976-4469-A273-5124DF799361}.Release|Any CPU.ActiveCfg = Release|Any CPU
		{8C39C554-4976-4469-A273-5124DF799361}.Release|Any CPU.Build.0 = Release|Any CPU
	EndGlobalSection
	GlobalSection(SolutionProperties) = preSolution
		HideSolutionNode = FALSE
	EndGlobalSection
	GlobalSection(NestedProjects) = preSolution
		{9EC7BA5E-C614-4902-A116-D87AD267A0E8} = {C6DDCC77-5C6F-4D44-9C90-F4EA3262F4C6}
		{DEF2E53C-3BC3-4D1A-A90D-61DD1FE934E1} = {C6DDCC77-5C6F-4D44-9C90-F4EA3262F4C6}
		{CC865EAB-49D9-49E5-B439-1D48169353FE} = {C6DDCC77-5C6F-4D44-9C90-F4EA3262F4C6}
		{7BF544E9-672C-4154-BDE4-62E3A085B5DE} = {C6DDCC77-5C6F-4D44-9C90-F4EA3262F4C6}
		{92BC7DD8-2520-4366-A45D-EEA2AAC80108} = {C6DDCC77-5C6F-4D44-9C90-F4EA3262F4C6}
	EndGlobalSection
	GlobalSection(ExtensibilityGlobals) = postSolution
		SolutionGuid = {F8607D5D-1253-4230-840E-6DFF25F19B8E}
	EndGlobalSection
EndGlobal
